// !$*UTF8*$!
{
	archiveVersion = 1;
	classes = {
	};
	objectVersion = 48;
	objects = {

/* Begin PBXBuildFile section */
		585BA312AD15A9E734EA5512 /* Pods_SaveText.framework in Frameworks */ = {isa = PBXBuildFile; fileRef = AEBC80DB241E7F93A41AFB2A /* Pods_SaveText.framework */; };
		C9AE497D1FB33CFD008540FA /* AppDelegate.swift in Sources */ = {isa = PBXBuildFile; fileRef = C9AE497C1FB33CFD008540FA /* AppDelegate.swift */; };
		C9AE497F1FB33CFD008540FA /* ViewController.swift in Sources */ = {isa = PBXBuildFile; fileRef = C9AE497E1FB33CFD008540FA /* ViewController.swift */; };
		C9AE49821FB33CFD008540FA /* Main.storyboard in Resources */ = {isa = PBXBuildFile; fileRef = C9AE49801FB33CFD008540FA /* Main.storyboard */; };
		C9AE49841FB33CFD008540FA /* Assets.xcassets in Resources */ = {isa = PBXBuildFile; fileRef = C9AE49831FB33CFD008540FA /* Assets.xcassets */; };
		C9AE49871FB33CFD008540FA /* LaunchScreen.storyboard in Resources */ = {isa = PBXBuildFile; fileRef = C9AE49851FB33CFD008540FA /* LaunchScreen.storyboard */; };
/* End PBXBuildFile section */

/* Begin PBXFileReference section */
		5D231A6A240B0845E9CF1C99 /* Pods-SaveText.release.xcconfig */ = {isa = PBXFileReference; includeInIndex = 1; lastKnownFileType = text.xcconfig; name = "Pods-SaveText.release.xcconfig"; path = "Pods/Target Support Files/Pods-SaveText/Pods-SaveText.release.xcconfig"; sourceTree = "<group>"; };
		782C871E07E362E2F71D592D /* Pods-SaveText.debug.xcconfig */ = {isa = PBXFileReference; includeInIndex = 1; lastKnownFileType = text.xcconfig; name = "Pods-SaveText.debug.xcconfig"; path = "Pods/Target Support Files/Pods-SaveText/Pods-SaveText.debug.xcconfig"; sourceTree = "<group>"; };
		AEBC80DB241E7F93A41AFB2A /* Pods_SaveText.framework */ = {isa = PBXFileReference; explicitFileType = wrapper.framework; includeInIndex = 0; path = Pods_SaveText.framework; sourceTree = BUILT_PRODUCTS_DIR; };
		C9AE49791FB33CFD008540FA /* SaveText.app */ = {isa = PBXFileReference; explicitFileType = wrapper.application; includeInIndex = 0; path = SaveText.app; sourceTree = BUILT_PRODUCTS_DIR; };
		C9AE497C1FB33CFD008540FA /* AppDelegate.swift */ = {isa = PBXFileReference; lastKnownFileType = sourcecode.swift; path = AppDelegate.swift; sourceTree = "<group>"; };
		C9AE497E1FB33CFD008540FA /* ViewController.swift */ = {isa = PBXFileReference; lastKnownFileType = sourcecode.swift; path = ViewController.swift; sourceTree = "<group>"; };
		C9AE49811FB33CFD008540FA /* Base */ = {isa = PBXFileReference; lastKnownFileType = file.storyboard; name = Base; path = Base.lproj/Main.storyboard; sourceTree = "<group>"; };
		C9AE49831FB33CFD008540FA /* Assets.xcassets */ = {isa = PBXFileReference; lastKnownFileType = folder.assetcatalog; path = Assets.xcassets; sourceTree = "<group>"; };
		C9AE49861FB33CFD008540FA /* Base */ = {isa = PBXFileReference; lastKnownFileType = file.storyboard; name = Base; path = Base.lproj/LaunchScreen.storyboard; sourceTree = "<group>"; };
		C9AE49881FB33CFD008540FA /* Info.plist */ = {isa = PBXFileReference; lastKnownFileType = text.plist.xml; path = Info.plist; sourceTree = "<group>"; };
/* End PBXFileReference section */

/* Begin PBXFrameworksBuildPhase section */
		C9AE49761FB33CFD008540FA /* Frameworks */ = {
			isa = PBXFrameworksBuildPhase;
			buildActionMask = 2147483647;
			files = (
				585BA312AD15A9E734EA5512 /* Pods_SaveText.framework in Frameworks */,
			);
			runOnlyForDeploymentPostprocessing = 0;
		};
/* End PBXFrameworksBuildPhase section */

/* Begin PBXGroup section */
		1BECEC4F7287D1366C04AA9C /* Pods */ = {
			isa = PBXGroup;
			children = (
				782C871E07E362E2F71D592D /* Pods-SaveText.debug.xcconfig */,
				5D231A6A240B0845E9CF1C99 /* Pods-SaveText.release.xcconfig */,
			);
			name = Pods;
			sourceTree = "<group>";
		};
		2210AB5C5E4B6A6580C1DFF1 /* Frameworks */ = {
			isa = PBXGroup;
			children = (
				AEBC80DB241E7F93A41AFB2A /* Pods_SaveText.framework */,
			);
			name = Frameworks;
			sourceTree = "<group>";
		};
		C9AE49701FB33CFD008540FA = {
			isa = PBXGroup;
			children = (
				C9AE497B1FB33CFD008540FA /* SaveText */,
				C9AE497A1FB33CFD008540FA /* Products */,
				1BECEC4F7287D1366C04AA9C /* Pods */,
				2210AB5C5E4B6A6580C1DFF1 /* Frameworks */,
			);
			sourceTree = "<group>";
		};
		C9AE497A1FB33CFD008540FA /* Products */ = {
			isa = PBXGroup;
			children = (
				C9AE49791FB33CFD008540FA /* SaveText.app */,
			);
			name = Products;
			sourceTree = "<group>";
		};
		C9AE497B1FB33CFD008540FA /* SaveText */ = {
			isa = PBXGroup;
			children = (
				C9AE497C1FB33CFD008540FA /* AppDelegate.swift */,
				C9AE497E1FB33CFD008540FA /* ViewController.swift */,
				C9AE49801FB33CFD008540FA /* Main.storyboard */,
				C9AE49831FB33CFD008540FA /* Assets.xcassets */,
				C9AE49851FB33CFD008540FA /* LaunchScreen.storyboard */,
				C9AE49881FB33CFD008540FA /* Info.plist */,
			);
			path = SaveText;
			sourceTree = "<group>";
		};
/* End PBXGroup section */

/* Begin PBXNativeTarget section */
		C9AE49781FB33CFD008540FA /* SaveText */ = {
			isa = PBXNativeTarget;
			buildConfigurationList = C9AE498B1FB33CFD008540FA /* Build configuration list for PBXNativeTarget "SaveText" */;
			buildPhases = (
				7BFEE081D33C1F09E4C695DB /* [CP] Check Pods Manifest.lock */,
				C9AE49751FB33CFD008540FA /* Sources */,
				C9AE49761FB33CFD008540FA /* Frameworks */,
				C9AE49771FB33CFD008540FA /* Resources */,
				0A6517A7DC34D24808864CDC /* [CP] Embed Pods Frameworks */,
				E7B68DB0B2F4A93A8092CE0A /* [CP] Copy Pods Resources */,
			);
			buildRules = (
			);
			dependencies = (
			);
			name = SaveText;
			productName = SaveText;
			productReference = C9AE49791FB33CFD008540FA /* SaveText.app */;
			productType = "com.apple.product-type.application";
		};
/* End PBXNativeTarget section */

/* Begin PBXProject section */
		C9AE49711FB33CFD008540FA /* Project object */ = {
			isa = PBXProject;
			attributes = {
				LastSwiftUpdateCheck = 0910;
				LastUpgradeCheck = 0910;
				ORGANIZATIONNAME = Taillook;
				TargetAttributes = {
					C9AE49781FB33CFD008540FA = {
						CreatedOnToolsVersion = 9.1;
						ProvisioningStyle = Automatic;
					};
				};
			};
			buildConfigurationList = C9AE49741FB33CFD008540FA /* Build configuration list for PBXProject "SaveText" */;
			compatibilityVersion = "Xcode 8.0";
			developmentRegion = en;
			hasScannedForEncodings = 0;
			knownRegions = (
				en,
				Base,
			);
			mainGroup = C9AE49701FB33CFD008540FA;
			productRefGroup = C9AE497A1FB33CFD008540FA /* Products */;
			projectDirPath = "";
			projectRoot = "";
			targets = (
				C9AE49781FB33CFD008540FA /* SaveText */,
			);
		};
/* End PBXProject section */

/* Begin PBXResourcesBuildPhase section */
		C9AE49771FB33CFD008540FA /* Resources */ = {
			isa = PBXResourcesBuildPhase;
			buildActionMask = 2147483647;
			files = (
				C9AE49871FB33CFD008540FA /* LaunchScreen.storyboard in Resources */,
				C9AE49841FB33CFD008540FA /* Assets.xcassets in Resources */,
				C9AE49821FB33CFD008540FA /* Main.storyboard in Resources */,
			);
			runOnlyForDeploymentPostprocessing = 0;
		};
/* End PBXResourcesBuildPhase section */

/* Begin PBXShellScriptBuildPhase section */
		0A6517A7DC34D24808864CDC /* [CP] Embed Pods Frameworks */ = {
			isa = PBXShellScriptBuildPhase;
			buildActionMask = 2147483647;
			files = (
			);
			inputPaths = (
				"${SRCROOT}/Pods/Target Support Files/Pods-SaveText/Pods-SaveText-frameworks.sh",
				"${BUILT_PRODUCTS_DIR}/RxCocoa/RxCocoa.framework",
				"${BUILT_PRODUCTS_DIR}/RxSwift/RxSwift.framework",
			);
			name = "[CP] Embed Pods Frameworks";
			outputPaths = (
				"${TARGET_BUILD_DIR}/${FRAMEWORKS_FOLDER_PATH}/RxCocoa.framework",
				"${TARGET_BUILD_DIR}/${FRAMEWORKS_FOLDER_PATH}/RxSwift.framework",
			);
			runOnlyForDeploymentPostprocessing = 0;
			shellPath = /bin/sh;
			shellScript = "\"${SRCROOT}/Pods/Target Support Files/Pods-SaveText/Pods-SaveText-frameworks.sh\"\n";
			showEnvVarsInLog = 0;
		};
		7BFEE081D33C1F09E4C695DB /* [CP] Check Pods Manifest.lock */ = {
			isa = PBXShellScriptBuildPhase;
			buildActionMask = 2147483647;
			files = (
			);
			inputPaths = (
				"${PODS_PODFILE_DIR_PATH}/Podfile.lock",
				"${PODS_ROOT}/Manifest.lock",
			);
			name = "[CP] Check Pods Manifest.lock";
			outputPaths = (
				"$(DERIVED_FILE_DIR)/Pods-SaveText-checkManifestLockResult.txt",
			);
			runOnlyForDeploymentPostprocessing = 0;
			shellPath = /bin/sh;
			shellScript = "diff \"${PODS_PODFILE_DIR_PATH}/Podfile.lock\" \"${PODS_ROOT}/Manifest.lock\" > /dev/null\nif [ $? != 0 ] ; then\n    # print error to STDERR\n    echo \"error: The sandbox is not in sync with the Podfile.lock. Run 'pod install' or update your CocoaPods installation.\" >&2\n    exit 1\nfi\n# This output is used by Xcode 'outputs' to avoid re-running this script phase.\necho \"SUCCESS\" > \"${SCRIPT_OUTPUT_FILE_0}\"\n";
			showEnvVarsInLog = 0;
		};
		E7B68DB0B2F4A93A8092CE0A /* [CP] Copy Pods Resources */ = {
			isa = PBXShellScriptBuildPhase;
			buildActionMask = 2147483647;
			files = (
			);
			inputPaths = (
			);
			name = "[CP] Copy Pods Resources";
			outputPaths = (
			);
			runOnlyForDeploymentPostprocessing = 0;
			shellPath = /bin/sh;
			shellScript = "\"${SRCROOT}/Pods/Target Support Files/Pods-SaveText/Pods-SaveText-resources.sh\"\n";
			showEnvVarsInLog = 0;
		};
/* End PBXShellScriptBuildPhase section */

/* Begin PBXSourcesBuildPhase section */
		C9AE49751FB33CFD008540FA /* Sources */ = {
			isa = PBXSourcesBuildPhase;
			buildActionMask = 2147483647;
			files = (
				C9AE497F1FB33CFD008540FA /* ViewController.swift in Sources */,
				C9AE497D1FB33CFD008540FA /* AppDelegate.swift in Sources */,
			);
			runOnlyForDeploymentPostprocessing = 0;
		};
/* End PBXSourcesBuildPhase section */

/* Begin PBXVariantGroup section */
		C9AE49801FB33CFD008540FA /* Main.storyboard */ = {
			isa = PBXVariantGroup;
			children = (
				C9AE49811FB33CFD008540FA /* Base */,
			);
			name = Main.storyboard;
			sourceTree = "<group>";
		};
		C9AE49851FB33CFD008540FA /* LaunchScreen.storyboard */ = {
			isa = PBXVariantGroup;
			children = (
				C9AE49861FB33CFD008540FA /* Base */,
			);
			name = LaunchScreen.storyboard;
			sourceTree = "<group>";
		};
/* End PBXVariantGroup section */

/* Begin XCBuildConfiguration section */
		C9AE49891FB33CFD008540FA /* Debug */ = {
			isa = XCBuildConfiguration;
			buildSettings = {
				ALWAYS_SEARCH_USER_PATHS = NO;
				CLANG_ANALYZER_NONNULL = YES;
				CLANG_ANALYZER_NUMBER_OBJECT_CONVERSION = YES_AGGRESSIVE;
				CLANG_CXX_LANGUAGE_STANDARD = "gnu++14";
				CLANG_CXX_LIBRARY = "libc++";
				CLANG_ENABLE_MODULES = YES;
				CLANG_ENABLE_OBJC_ARC = YES;
				CLANG_WARN_BLOCK_CAPTURE_AUTORELEASING = YES;
				CLANG_WARN_BOOL_CONVERSION = YES;
				CLANG_WARN_COMMA = YES;
				CLANG_WARN_CONSTANT_CONVERSION = YES;
				CLANG_WARN_DIRECT_OBJC_ISA_USAGE = YES_ERROR;
				CLANG_WARN_DOCUMENTATION_COMMENTS = YES;
				CLANG_WARN_EMPTY_BODY = YES;
				CLANG_WARN_ENUM_CONVERSION = YES;
				CLANG_WARN_INFINITE_RECURSION = YES;
				CLANG_WARN_INT_CONVERSION = YES;
				CLANG_WARN_NON_LITERAL_NULL_CONVERSION = YES;
				CLANG_WARN_OBJC_LITERAL_CONVERSION = YES;
				CLANG_WARN_OBJC_ROOT_CLASS = YES_ERROR;
				CLANG_WARN_RANGE_LOOP_ANALYSIS = YES;
				CLANG_WARN_STRICT_PROTOTYPES = YES;
				CLANG_WARN_SUSPICIOUS_MOVE = YES;
				CLANG_WARN_UNGUARDED_AVAILABILITY = YES_AGGRESSIVE;
				CLANG_WARN_UNREACHABLE_CODE = YES;
				CLANG_WARN__DUPLICATE_METHOD_MATCH = YES;
				CODE_SIGN_IDENTITY = "iPhone Developer";
				COPY_PHASE_STRIP = NO;
				DEBUG_INFORMATION_FORMAT = dwarf;
				ENABLE_STRICT_OBJC_MSGSEND = YES;
				ENABLE_TESTABILITY = YES;
				GCC_C_LANGUAGE_STANDARD = gnu11;
				GCC_DYNAMIC_NO_PIC = NO;
				GCC_NO_COMMON_BLOCKS = YES;
				GCC_OPTIMIZATION_LEVEL = 0;
				GCC_PREPROCESSOR_DEFINITIONS = (
					"DEBUG=1",
					"$(inherited)",
				);
				GCC_WARN_64_TO_32_BIT_CONVERSION = YES;
				GCC_WARN_ABOUT_RETURN_TYPE = YES_ERROR;
				GCC_WARN_UNDECLARED_SELECTOR = YES;
				GCC_WARN_UNINITIALIZED_AUTOS = YES_AGGRESSIVE;
				GCC_WARN_UNUSED_FUNCTION = YES;
				GCC_WARN_UNUSED_VARIABLE = YES;
				IPHONEOS_DEPLOYMENT_TARGET = 11.1;
				MTL_ENABLE_DEBUG_INFO = YES;
				ONLY_ACTIVE_ARCH = YES;
				SDKROOT = iphoneos;
				SWIFT_ACTIVE_COMPILATION_CONDITIONS = DEBUG;
				SWIFT_OPTIMIZATION_LEVEL = "-Onone";
			};
			name = Debug;
		};
		C9AE498A1FB33CFD008540FA /* Release */ = {
			isa = XCBuildConfiguration;
			buildSettings = {
				ALWAYS_SEARCH_USER_PATHS = NO;
				CLANG_ANALYZER_NONNULL = YES;
				CLANG_ANALYZER_NUMBER_OBJECT_CONVERSION = YES_AGGRESSIVE;
				CLANG_CXX_LANGUAGE_STANDARD = "gnu++14";
				CLANG_CXX_LIBRARY = "libc++";
				CLANG_ENABLE_MODULES = YES;
				CLANG_ENABLE_OBJC_ARC = YES;
				CLANG_WARN_BLOCK_CAPTURE_AUTORELEASING = YES;
				CLANG_WARN_BOOL_CONVERSION = YES;
				CLANG_WARN_COMMA = YES;
				CLANG_WARN_CONSTANT_CONVERSION = YES;
				CLANG_WARN_DIRECT_OBJC_ISA_USAGE = YES_ERROR;
				CLANG_WARN_DOCUMENTATION_COMMENTS = YES;
				CLANG_WARN_EMPTY_BODY = YES;
				CLANG_WARN_ENUM_CONVERSION = YES;
				CLANG_WARN_INFINITE_RECURSION = YES;
				CLANG_WARN_INT_CONVERSION = YES;
				CLANG_WARN_NON_LITERAL_NULL_CONVERSION = YES;
				CLANG_WARN_OBJC_LITERAL_CONVERSION = YES;
				CLANG_WARN_OBJC_ROOT_CLASS = YES_ERROR;
				CLANG_WARN_RANGE_LOOP_ANALYSIS = YES;
				CLANG_WARN_STRICT_PROTOTYPES = YES;
				CLANG_WARN_SUSPICIOUS_MOVE = YES;
				CLANG_WARN_UNGUARDED_AVAILABILITY = YES_AGGRESSIVE;
				CLANG_WARN_UNREACHABLE_CODE = YES;
				CLANG_WARN__DUPLICATE_METHOD_MATCH = YES;
				CODE_SIGN_IDENTITY = "iPhone Developer";
				COPY_PHASE_STRIP = NO;
				DEBUG_INFORMATION_FORMAT = "dwarf-with-dsym";
				ENABLE_NS_ASSERTIONS = NO;
				ENABLE_STRICT_OBJC_MSGSEND = YES;
				GCC_C_LANGUAGE_STANDARD = gnu11;
				GCC_NO_COMMON_BLOCKS = YES;
				GCC_WARN_64_TO_32_BIT_CONVERSION = YES;
				GCC_WARN_ABOUT_RETURN_TYPE = YES_ERROR;
				GCC_WARN_UNDECLARED_SELECTOR = YES;
				GCC_WARN_UNINITIALIZED_AUTOS = YES_AGGRESSIVE;
				GCC_WARN_UNUSED_FUNCTION = YES;
				GCC_WARN_UNUSED_VARIABLE = YES;
				IPHONEOS_DEPLOYMENT_TARGET = 11.1;
				MTL_ENABLE_DEBUG_INFO = NO;
				SDKROOT = iphoneos;
				SWIFT_OPTIMIZATION_LEVEL = "-Owholemodule";
				VALIDATE_PRODUCT = YES;
			};
			name = Release;
		};
		C9AE498C1FB33CFD008540FA /* Debug */ = {
			isa = XCBuildConfiguration;
			baseConfigurationReference = 782C871E07E362E2F71D592D /* Pods-SaveText.debug.xcconfig */;
			buildSettings = {
				ASSETCATALOG_COMPILER_APPICON_NAME = AppIcon;
				CODE_SIGN_STYLE = Automatic;
				DEVELOPMENT_TEAM = YS65CTH2V7;
				INFOPLIST_FILE = SaveText/Info.plist;
				LD_RUNPATH_SEARCH_PATHS = "$(inherited) @executable_path/Frameworks";
				PRODUCT_BUNDLE_IDENTIFIER = net.grapebread.SaveText;
				PRODUCT_NAME = "$(TARGET_NAME)";
				SWIFT_VERSION = 4.0;
				TARGETED_DEVICE_FAMILY = "1,2";
			};
			name = Debug;
		};
		C9AE498D1FB33CFD008540FA /* Release */ = {
			isa = XCBuildConfiguration;
			baseConfigurationReference = 5D231A6A240B0845E9CF1C99 /* Pods-SaveText.release.xcconfig */;
			buildSettings = {
				ASSETCATALOG_COMPILER_APPICON_NAME = AppIcon;
				CODE_SIGN_STYLE = Automatic;
				DEVELOPMENT_TEAM = YS65CTH2V7;
				INFOPLIST_FILE = SaveText/Info.plist;
				LD_RUNPATH_SEARCH_PATHS = "$(inherited) @executable_path/Frameworks";
				PRODUCT_BUNDLE_IDENTIFIER = net.grapebread.SaveText;
				PRODUCT_NAME = "$(TARGET_NAME)";
				SWIFT_VERSION = 4.0;
				TARGETED_DEVICE_FAMILY = "1,2";
			};
			name = Release;
		};
/* End XCBuildConfiguration section */

/* Begin XCConfigurationList section */
		C9AE49741FB33CFD008540FA /* Build configuration list for PBXProject "SaveText" */ = {
			isa = XCConfigurationList;
			buildConfigurations = (
				C9AE49891FB33CFD008540FA /* Debug */,
				C9AE498A1FB33CFD008540FA /* Release */,
			);
			defaultConfigurationIsVisible = 0;
			defaultConfigurationName = Release;
		};
		C9AE498B1FB33CFD008540FA /* Build configuration list for PBXNativeTarget "SaveText" */ = {
			isa = XCConfigurationList;
			buildConfigurations = (
				C9AE498C1FB33CFD008540FA /* Debug */,
				C9AE498D1FB33CFD008540FA /* Release */,
			);
			defaultConfigurationIsVisible = 0;
			defaultConfigurationName = Release;
		};
/* End XCConfigurationList section */
	};
	rootObject = C9AE49711FB33CFD008540FA /* Project object */;
}
